
Microsoft Visual Studio Solution File, Format Version 12.00
# Visual Studio Version 17
VisualStudioVersion = 17.4.33213.308
MinimumVisualStudioVersion = 10.0.40219.1
Project("{9A19103F-16F7-4668-BE54-9A1E7A4F7556}") = "CRUD.Core", "CRUD.Core\CRUD.Core.csproj", "{5416BAA3-A802-42C4-8E2B-D26A9E3AE497}"
EndProject
Project("{9A19103F-16F7-4668-BE54-9A1E7A4F7556}") = "CRUD.Infrastructure", "CRUD.Infrastructure\CRUD.Infrastructure.csproj", "{7751E199-ED3D-4E29-A7D3-7C9BA3844CFB}"
EndProject
Project("{FAE04EC0-301F-11D3-BF4B-00C04F79EFBC}") = "CRUD.UI", "CRUD.UI\CRUD.UI.csproj", "{2071BE76-E32A-4A2A-B513-778AE5F113DB}"
EndProject
Project("{2150E333-8FDC-42A3-9474-1A3956D46DE8}") = "src", "src", "{6A26547C-4720-4666-BCCC-019AC1A71233}"
EndProject
Project("{2150E333-8FDC-42A3-9474-1A3956D46DE8}") = "tests", "tests", "{CBCAB18C-6ABA-4743-A35B-8FEDC3F65AAA}"
EndProject
Project("{FAE04EC0-301F-11D3-BF4B-00C04F79EFBC}") = "CRUD.TEST", "CRUD.TEST\CRUD.TEST.csproj", "{D6EFDE04-82DD-4B29-8A65-96FAC62E9BF8}"
EndProject
Project("{FAE04EC0-301F-11D3-BF4B-00C04F79EFBC}") = "CRUD.API", "CRUD.API\CRUD.API.csproj", "{B8E141C9-3272-4427-8C4B-4CC9893EC8BB}"
EndProject
Project("{FAE04EC0-301F-11D3-BF4B-00C04F79EFBC}") = "CRUD.MInimalAPI", "CRUD.MInimalAPI\CRUD.MInimalAPI.csproj", "{C4409341-BF00-40B6-BF1E-D1A22384C684}"
EndProject
Global
	GlobalSection(SolutionConfigurationPlatforms) = preSolution
		Debug|Any CPU = Debug|Any CPU
		Release|Any CPU = Release|Any CPU
	EndGlobalSection
	GlobalSection(ProjectConfigurationPlatforms) = postSolution
		{5416BAA3-A802-42C4-8E2B-D26A9E3AE497}.Debug|Any CPU.ActiveCfg = Debug|Any CPU
		{5416BAA3-A802-42C4-8E2B-D26A9E3AE497}.Debug|Any CPU.Build.0 = Debug|Any CPU
		{5416BAA3-A802-42C4-8E2B-D26A9E3AE497}.Release|Any CPU.ActiveCfg = Release|Any CPU
		{5416BAA3-A802-42C4-8E2B-D26A9E3AE497}.Release|Any CPU.Build.0 = Release|Any CPU
		{7751E199-ED3D-4E29-A7D3-7C9BA3844CFB}.Debug|Any CPU.ActiveCfg = Debug|Any CPU
		{7751E199-ED3D-4E29-A7D3-7C9BA3844CFB}.Debug|Any CPU.Build.0 = Debug|Any CPU
		{7751E199-ED3D-4E29-A7D3-7C9BA3844CFB}.Release|Any CPU.ActiveCfg = Release|Any CPU
		{7751E199-ED3D-4E29-A7D3-7C9BA3844CFB}.Release|Any CPU.Build.0 = Release|Any CPU
		{2071BE76-E32A-4A2A-B513-778AE5F113DB}.Debug|Any CPU.ActiveCfg = Debug|Any CPU
		{2071BE76-E32A-4A2A-B513-778AE5F113DB}.Debug|Any CPU.Build.0 = Debug|Any CPU
		{2071BE76-E32A-4A2A-B513-778AE5F113DB}.Release|Any CPU.ActiveCfg = Release|Any CPU
		{2071BE76-E32A-4A2A-B513-778AE5F113DB}.Release|Any CPU.Build.0 = Release|Any CPU
		{D6EFDE04-82DD-4B29-8A65-96FAC62E9BF8}.Debug|Any CPU.ActiveCfg = Debug|Any CPU
		{D6EFDE04-82DD-4B29-8A65-96FAC62E9BF8}.Debug|Any CPU.Build.0 = Debug|Any CPU
		{D6EFDE04-82DD-4B29-8A65-96FAC62E9BF8}.Release|Any CPU.ActiveCfg = Release|Any CPU
		{D6EFDE04-82DD-4B29-8A65-96FAC62E9BF8}.Release|Any CPU.Build.0 = Release|Any CPU
		{B8E141C9-3272-4427-8C4B-4CC9893EC8BB}.Debug|Any CPU.ActiveCfg = Debug|Any CPU
		{B8E141C9-3272-4427-8C4B-4CC9893EC8BB}.Debug|Any CPU.Build.0 = Debug|Any CPU
		{B8E141C9-3272-4427-8C4B-4CC9893EC8BB}.Release|Any CPU.ActiveCfg = Release|Any CPU
		{B8E141C9-3272-4427-8C4B-4CC9893EC8BB}.Release|Any CPU.Build.0 = Release|Any CPU
		{C4409341-BF00-40B6-BF1E-D1A22384C684}.Debug|Any CPU.ActiveCfg = Debug|Any CPU
		{C4409341-BF00-40B6-BF1E-D1A22384C684}.Debug|Any CPU.Build.0 = Debug|Any CPU
		{C4409341-BF00-40B6-BF1E-D1A22384C684}.Release|Any CPU.ActiveCfg = Release|Any CPU
		{C4409341-BF00-40B6-BF1E-D1A22384C684}.Release|Any CPU.Build.0 = Release|Any CPU
	EndGlobalSection
	GlobalSection(SolutionProperties) = preSolution
		HideSolutionNode = FALSE
	EndGlobalSection
	GlobalSection(NestedProjects) = preSolution
		{5416BAA3-A802-42C4-8E2B-D26A9E3AE497} = {6A26547C-4720-4666-BCCC-019AC1A71233}
		{7751E199-ED3D-4E29-A7D3-7C9BA3844CFB} = {6A26547C-4720-4666-BCCC-019AC1A71233}
		{2071BE76-E32A-4A2A-B513-778AE5F113DB} = {6A26547C-4720-4666-BCCC-019AC1A71233}
		{D6EFDE04-82DD-4B29-8A65-96FAC62E9BF8} = {CBCAB18C-6ABA-4743-A35B-8FEDC3F65AAA}
		{B8E141C9-3272-4427-8C4B-4CC9893EC8BB} = {6A26547C-4720-4666-BCCC-019AC1A71233}
		{C4409341-BF00-40B6-BF1E-D1A22384C684} = {6A26547C-4720-4666-BCCC-019AC1A71233}
	EndGlobalSection
	GlobalSection(ExtensibilityGlobals) = postSolution
		SolutionGuid = {1879B5DB-651B-431D-8D4D-82BF4513A7DF}
	EndGlobalSection
EndGlobal
